PODS:
  - RxSwift (4.3.1)
  - SwiftLint (0.25.1)
  - Unbox (3.0.0)

DEPENDENCIES:
  - RxSwift (~> 4.0)
  - SwiftLint
  - Unbox (~> 3.0)

SPEC REPOS:
  https://github.com/cocoapods/specs.git:
    - RxSwift
    - SwiftLint
    - Unbox

SPEC CHECKSUMS:
  RxSwift: fe0fd770a43acdb7d0a53da411c9b892e69bb6e4
  SwiftLint: ce933681be10c3266e82576dad676fa815a602e9
  Unbox: 9ed33b2a31f7a8a049f54b94d40c4a52a28c4d9d

PODFILE CHECKSUM: bdbb89fd321a039fadc81f4902a892f21c361991

COCOAPODS: 1.5.3
